{
  "name": "domain-modeling-made-functional",
  "version": "1.0.0",
  "lockfileVersion": 3,
  "requires": true,
  "packages": {
    "": {
      "name": "domain-modeling-made-functional",
      "version": "1.0.0",
      "license": "ISC",
      "dependencies": {
        "fp-ts": "^2.16.7"
      }
    },
    "node_modules/fp-ts": {
      "version": "2.16.7",
      "resolved": "https://registry.npmjs.org/fp-ts/-/fp-ts-2.16.7.tgz",
      "integrity": "sha512-Xiux+4mHHPj32/mrqN3XIIqEKk/MousgoC2FIaCwehpPjBI4oDrLvQEyQ/2T1sbTe0s/YIQqF98z+uHJLVoS9Q=="
    }
  }
}
